// !$*UTF8*$!
{
	archiveVersion = 1;
	classes = {
	};
	objectVersion = 50;
	objects = {

/* Begin PBXBuildFile section */
		CEC913102A1EAF450007AB99 /* AppDelegate.swift in Sources */ = {isa = PBXBuildFile; fileRef = CEC9130F2A1EAF450007AB99 /* AppDelegate.swift */; };
		CEC913122A1EAF450007AB99 /* SceneDelegate.swift in Sources */ = {isa = PBXBuildFile; fileRef = CEC913112A1EAF450007AB99 /* SceneDelegate.swift */; };
		CEC913192A1EAF470007AB99 /* Assets.xcassets in Resources */ = {isa = PBXBuildFile; fileRef = CEC913182A1EAF470007AB99 /* Assets.xcassets */; };
		CEC9131C2A1EAF470007AB99 /* LaunchScreen.storyboard in Resources */ = {isa = PBXBuildFile; fileRef = CEC9131A2A1EAF470007AB99 /* LaunchScreen.storyboard */; };
		CEC913272A1EAF470007AB99 /* PokedexTests.swift in Sources */ = {isa = PBXBuildFile; fileRef = CEC913262A1EAF470007AB99 /* PokedexTests.swift */; };
		CEC913322A1EAF470007AB99 /* PokedexUITests.swift in Sources */ = {isa = PBXBuildFile; fileRef = CEC913312A1EAF470007AB99 /* PokedexUITests.swift */; };
		CEC913472A1EAFCE0007AB99 /* PokedexController.swift in Sources */ = {isa = PBXBuildFile; fileRef = CEC913462A1EAFCE0007AB99 /* PokedexController.swift */; };
		CEC913492A1EB2DF0007AB99 /* Extensions.swift in Sources */ = {isa = PBXBuildFile; fileRef = CEC913482A1EB2DF0007AB99 /* Extensions.swift */; };
		CEC9134B2A1EB6040007AB99 /* PokedexCell.swift in Sources */ = {isa = PBXBuildFile; fileRef = CEC9134A2A1EB6040007AB99 /* PokedexCell.swift */; };
		CEC9134D2A1EFF1B0007AB99 /* Pokemon.swift in Sources */ = {isa = PBXBuildFile; fileRef = CEC9134C2A1EFF1B0007AB99 /* Pokemon.swift */; };
		CEC9134F2A1FCC5E0007AB99 /* Service.swift in Sources */ = {isa = PBXBuildFile; fileRef = CEC9134E2A1FCC5E0007AB99 /* Service.swift */; };
		CEC913512A1FF86F0007AB99 /* InfoView.swift in Sources */ = {isa = PBXBuildFile; fileRef = CEC913502A1FF86F0007AB99 /* InfoView.swift */; };
		CEC913532A20319C0007AB99 /* PokemonInfoController.swift in Sources */ = {isa = PBXBuildFile; fileRef = CEC913522A20319C0007AB99 /* PokemonInfoController.swift */; };
/* End PBXBuildFile section */

/* Begin PBXContainerItemProxy section */
		CEC913232A1EAF470007AB99 /* PBXContainerItemProxy */ = {
			isa = PBXContainerItemProxy;
			containerPortal = CEC913042A1EAF450007AB99 /* Project object */;
			proxyType = 1;
			remoteGlobalIDString = CEC9130B2A1EAF450007AB99;
			remoteInfo = Pokedex;
		};
		CEC9132E2A1EAF470007AB99 /* PBXContainerItemProxy */ = {
			isa = PBXContainerItemProxy;
			containerPortal = CEC913042A1EAF450007AB99 /* Project object */;
			proxyType = 1;
			remoteGlobalIDString = CEC9130B2A1EAF450007AB99;
			remoteInfo = Pokedex;
		};
/* End PBXContainerItemProxy section */

/* Begin PBXFileReference section */
		CEC9130C2A1EAF450007AB99 /* Pokedex.app */ = {isa = PBXFileReference; explicitFileType = wrapper.application; includeInIndex = 0; path = Pokedex.app; sourceTree = BUILT_PRODUCTS_DIR; };
		CEC9130F2A1EAF450007AB99 /* AppDelegate.swift */ = {isa = PBXFileReference; lastKnownFileType = sourcecode.swift; path = AppDelegate.swift; sourceTree = "<group>"; };
		CEC913112A1EAF450007AB99 /* SceneDelegate.swift */ = {isa = PBXFileReference; lastKnownFileType = sourcecode.swift; path = SceneDelegate.swift; sourceTree = "<group>"; };
		CEC913182A1EAF470007AB99 /* Assets.xcassets */ = {isa = PBXFileReference; lastKnownFileType = folder.assetcatalog; path = Assets.xcassets; sourceTree = "<group>"; };
		CEC9131B2A1EAF470007AB99 /* Base */ = {isa = PBXFileReference; lastKnownFileType = file.storyboard; name = Base; path = Base.lproj/LaunchScreen.storyboard; sourceTree = "<group>"; };
		CEC9131D2A1EAF470007AB99 /* Info.plist */ = {isa = PBXFileReference; lastKnownFileType = text.plist.xml; path = Info.plist; sourceTree = "<group>"; };
		CEC913222A1EAF470007AB99 /* PokedexTests.xctest */ = {isa = PBXFileReference; explicitFileType = wrapper.cfbundle; includeInIndex = 0; path = PokedexTests.xctest; sourceTree = BUILT_PRODUCTS_DIR; };
		CEC913262A1EAF470007AB99 /* PokedexTests.swift */ = {isa = PBXFileReference; lastKnownFileType = sourcecode.swift; path = PokedexTests.swift; sourceTree = "<group>"; };
		CEC913282A1EAF470007AB99 /* Info.plist */ = {isa = PBXFileReference; lastKnownFileType = text.plist.xml; path = Info.plist; sourceTree = "<group>"; };
		CEC9132D2A1EAF470007AB99 /* PokedexUITests.xctest */ = {isa = PBXFileReference; explicitFileType = wrapper.cfbundle; includeInIndex = 0; path = PokedexUITests.xctest; sourceTree = BUILT_PRODUCTS_DIR; };
		CEC913312A1EAF470007AB99 /* PokedexUITests.swift */ = {isa = PBXFileReference; lastKnownFileType = sourcecode.swift; path = PokedexUITests.swift; sourceTree = "<group>"; };
		CEC913332A1EAF470007AB99 /* Info.plist */ = {isa = PBXFileReference; lastKnownFileType = text.plist.xml; path = Info.plist; sourceTree = "<group>"; };
		CEC913462A1EAFCE0007AB99 /* PokedexController.swift */ = {isa = PBXFileReference; lastKnownFileType = sourcecode.swift; path = PokedexController.swift; sourceTree = "<group>"; };
		CEC913482A1EB2DF0007AB99 /* Extensions.swift */ = {isa = PBXFileReference; lastKnownFileType = sourcecode.swift; path = Extensions.swift; sourceTree = "<group>"; };
		CEC9134A2A1EB6040007AB99 /* PokedexCell.swift */ = {isa = PBXFileReference; lastKnownFileType = sourcecode.swift; path = PokedexCell.swift; sourceTree = "<group>"; };
		CEC9134C2A1EFF1B0007AB99 /* Pokemon.swift */ = {isa = PBXFileReference; lastKnownFileType = sourcecode.swift; path = Pokemon.swift; sourceTree = "<group>"; };
		CEC9134E2A1FCC5E0007AB99 /* Service.swift */ = {isa = PBXFileReference; lastKnownFileType = sourcecode.swift; path = Service.swift; sourceTree = "<group>"; };
		CEC913502A1FF86F0007AB99 /* InfoView.swift */ = {isa = PBXFileReference; lastKnownFileType = sourcecode.swift; path = InfoView.swift; sourceTree = "<group>"; };
		CEC913522A20319C0007AB99 /* PokemonInfoController.swift */ = {isa = PBXFileReference; lastKnownFileType = sourcecode.swift; path = PokemonInfoController.swift; sourceTree = "<group>"; };
/* End PBXFileReference section */

/* Begin PBXFrameworksBuildPhase section */
		CEC913092A1EAF450007AB99 /* Frameworks */ = {
			isa = PBXFrameworksBuildPhase;
			buildActionMask = 2147483647;
			files = (
			);
			runOnlyForDeploymentPostprocessing = 0;
		};
		CEC9131F2A1EAF470007AB99 /* Frameworks */ = {
			isa = PBXFrameworksBuildPhase;
			buildActionMask = 2147483647;
			files = (
			);
			runOnlyForDeploymentPostprocessing = 0;
		};
		CEC9132A2A1EAF470007AB99 /* Frameworks */ = {
			isa = PBXFrameworksBuildPhase;
			buildActionMask = 2147483647;
			files = (
			);
			runOnlyForDeploymentPostprocessing = 0;
		};
/* End PBXFrameworksBuildPhase section */

/* Begin PBXGroup section */
		CEC913032A1EAF450007AB99 = {
			isa = PBXGroup;
			children = (
				CEC9130E2A1EAF450007AB99 /* Pokedex */,
				CEC913252A1EAF470007AB99 /* PokedexTests */,
				CEC913302A1EAF470007AB99 /* PokedexUITests */,
				CEC9130D2A1EAF450007AB99 /* Products */,
			);
			sourceTree = "<group>";
		};
		CEC9130D2A1EAF450007AB99 /* Products */ = {
			isa = PBXGroup;
			children = (
				CEC9130C2A1EAF450007AB99 /* Pokedex.app */,
				CEC913222A1EAF470007AB99 /* PokedexTests.xctest */,
				CEC9132D2A1EAF470007AB99 /* PokedexUITests.xctest */,
			);
			name = Products;
			sourceTree = "<group>";
		};
		CEC9130E2A1EAF450007AB99 /* Pokedex */ = {
			isa = PBXGroup;
			children = (
				CEC913452A1EAF710007AB99 /* Model */,
				CEC913442A1EAF700007AB99 /* View */,
				CEC913432A1EAF6F0007AB99 /* Controller */,
				CEC913422A1EAF6E0007AB99 /* Service */,
				CEC9133F2A1EAF660007AB99 /* Utils */,
				CEC9130F2A1EAF450007AB99 /* AppDelegate.swift */,
				CEC913112A1EAF450007AB99 /* SceneDelegate.swift */,
				CEC913182A1EAF470007AB99 /* Assets.xcassets */,
				CEC9131A2A1EAF470007AB99 /* LaunchScreen.storyboard */,
				CEC9131D2A1EAF470007AB99 /* Info.plist */,
			);
			path = Pokedex;
			sourceTree = "<group>";
		};
		CEC913252A1EAF470007AB99 /* PokedexTests */ = {
			isa = PBXGroup;
			children = (
				CEC913262A1EAF470007AB99 /* PokedexTests.swift */,
				CEC913282A1EAF470007AB99 /* Info.plist */,
			);
			path = PokedexTests;
			sourceTree = "<group>";
		};
		CEC913302A1EAF470007AB99 /* PokedexUITests */ = {
			isa = PBXGroup;
			children = (
				CEC913312A1EAF470007AB99 /* PokedexUITests.swift */,
				CEC913332A1EAF470007AB99 /* Info.plist */,
			);
			path = PokedexUITests;
			sourceTree = "<group>";
		};
		CEC9133F2A1EAF660007AB99 /* Utils */ = {
			isa = PBXGroup;
			children = (
				CEC913482A1EB2DF0007AB99 /* Extensions.swift */,
			);
			path = Utils;
			sourceTree = "<group>";
		};
		CEC913422A1EAF6E0007AB99 /* Service */ = {
			isa = PBXGroup;
			children = (
				CEC9134E2A1FCC5E0007AB99 /* Service.swift */,
			);
			path = Service;
			sourceTree = "<group>";
		};
		CEC913432A1EAF6F0007AB99 /* Controller */ = {
			isa = PBXGroup;
			children = (
				CEC913462A1EAFCE0007AB99 /* PokedexController.swift */,
				CEC913522A20319C0007AB99 /* PokemonInfoController.swift */,
			);
			path = Controller;
			sourceTree = "<group>";
		};
		CEC913442A1EAF700007AB99 /* View */ = {
			isa = PBXGroup;
			children = (
				CEC9134A2A1EB6040007AB99 /* PokedexCell.swift */,
				CEC913502A1FF86F0007AB99 /* InfoView.swift */,
			);
			path = View;
			sourceTree = "<group>";
		};
		CEC913452A1EAF710007AB99 /* Model */ = {
			isa = PBXGroup;
			children = (
				CEC9134C2A1EFF1B0007AB99 /* Pokemon.swift */,
			);
			path = Model;
			sourceTree = "<group>";
		};
/* End PBXGroup section */

/* Begin PBXNativeTarget section */
		CEC9130B2A1EAF450007AB99 /* Pokedex */ = {
			isa = PBXNativeTarget;
			buildConfigurationList = CEC913362A1EAF470007AB99 /* Build configuration list for PBXNativeTarget "Pokedex" */;
			buildPhases = (
				CEC913082A1EAF450007AB99 /* Sources */,
				CEC913092A1EAF450007AB99 /* Frameworks */,
				CEC9130A2A1EAF450007AB99 /* Resources */,
			);
			buildRules = (
			);
			dependencies = (
			);
			name = Pokedex;
			productName = Pokedex;
			productReference = CEC9130C2A1EAF450007AB99 /* Pokedex.app */;
			productType = "com.apple.product-type.application";
		};
		CEC913212A1EAF470007AB99 /* PokedexTests */ = {
			isa = PBXNativeTarget;
			buildConfigurationList = CEC913392A1EAF470007AB99 /* Build configuration list for PBXNativeTarget "PokedexTests" */;
			buildPhases = (
				CEC9131E2A1EAF470007AB99 /* Sources */,
				CEC9131F2A1EAF470007AB99 /* Frameworks */,
				CEC913202A1EAF470007AB99 /* Resources */,
			);
			buildRules = (
			);
			dependencies = (
				CEC913242A1EAF470007AB99 /* PBXTargetDependency */,
			);
			name = PokedexTests;
			productName = PokedexTests;
			productReference = CEC913222A1EAF470007AB99 /* PokedexTests.xctest */;
			productType = "com.apple.product-type.bundle.unit-test";
		};
		CEC9132C2A1EAF470007AB99 /* PokedexUITests */ = {
			isa = PBXNativeTarget;
			buildConfigurationList = CEC9133C2A1EAF470007AB99 /* Build configuration list for PBXNativeTarget "PokedexUITests" */;
			buildPhases = (
				CEC913292A1EAF470007AB99 /* Sources */,
				CEC9132A2A1EAF470007AB99 /* Frameworks */,
				CEC9132B2A1EAF470007AB99 /* Resources */,
			);
			buildRules = (
			);
			dependencies = (
				CEC9132F2A1EAF470007AB99 /* PBXTargetDependency */,
			);
			name = PokedexUITests;
			productName = PokedexUITests;
			productReference = CEC9132D2A1EAF470007AB99 /* PokedexUITests.xctest */;
			productType = "com.apple.product-type.bundle.ui-testing";
		};
/* End PBXNativeTarget section */

/* Begin PBXProject section */
		CEC913042A1EAF450007AB99 /* Project object */ = {
			isa = PBXProject;
			attributes = {
				LastSwiftUpdateCheck = 1250;
				LastUpgradeCheck = 1250;
				TargetAttributes = {
					CEC9130B2A1EAF450007AB99 = {
						CreatedOnToolsVersion = 12.5.1;
					};
					CEC913212A1EAF470007AB99 = {
						CreatedOnToolsVersion = 12.5.1;
						TestTargetID = CEC9130B2A1EAF450007AB99;
					};
					CEC9132C2A1EAF470007AB99 = {
						CreatedOnToolsVersion = 12.5.1;
						TestTargetID = CEC9130B2A1EAF450007AB99;
					};
				};
			};
			buildConfigurationList = CEC913072A1EAF450007AB99 /* Build configuration list for PBXProject "Pokedex" */;
			compatibilityVersion = "Xcode 9.3";
			developmentRegion = en;
			hasScannedForEncodings = 0;
			knownRegions = (
				en,
				Base,
			);
			mainGroup = CEC913032A1EAF450007AB99;
			productRefGroup = CEC9130D2A1EAF450007AB99 /* Products */;
			projectDirPath = "";
			projectRoot = "";
			targets = (
				CEC9130B2A1EAF450007AB99 /* Pokedex */,
				CEC913212A1EAF470007AB99 /* PokedexTests */,
				CEC9132C2A1EAF470007AB99 /* PokedexUITests */,
			);
		};
/* End PBXProject section */

/* Begin PBXResourcesBuildPhase section */
		CEC9130A2A1EAF450007AB99 /* Resources */ = {
			isa = PBXResourcesBuildPhase;
			buildActionMask = 2147483647;
			files = (
				CEC9131C2A1EAF470007AB99 /* LaunchScreen.storyboard in Resources */,
				CEC913192A1EAF470007AB99 /* Assets.xcassets in Resources */,
			);
			runOnlyForDeploymentPostprocessing = 0;
		};
		CEC913202A1EAF470007AB99 /* Resources */ = {
			isa = PBXResourcesBuildPhase;
			buildActionMask = 2147483647;
			files = (
			);
			runOnlyForDeploymentPostprocessing = 0;
		};
		CEC9132B2A1EAF470007AB99 /* Resources */ = {
			isa = PBXResourcesBuildPhase;
			buildActionMask = 2147483647;
			files = (
			);
			runOnlyForDeploymentPostprocessing = 0;
		};
/* End PBXResourcesBuildPhase section */

/* Begin PBXSourcesBuildPhase section */
		CEC913082A1EAF450007AB99 /* Sources */ = {
			isa = PBXSourcesBuildPhase;
			buildActionMask = 2147483647;
			files = (
				CEC913512A1FF86F0007AB99 /* InfoView.swift in Sources */,
				CEC913102A1EAF450007AB99 /* AppDelegate.swift in Sources */,
				CEC9134F2A1FCC5E0007AB99 /* Service.swift in Sources */,
				CEC913472A1EAFCE0007AB99 /* PokedexController.swift in Sources */,
				CEC913122A1EAF450007AB99 /* SceneDelegate.swift in Sources */,
				CEC913492A1EB2DF0007AB99 /* Extensions.swift in Sources */,
				CEC9134B2A1EB6040007AB99 /* PokedexCell.swift in Sources */,
				CEC9134D2A1EFF1B0007AB99 /* Pokemon.swift in Sources */,
				CEC913532A20319C0007AB99 /* PokemonInfoController.swift in Sources */,
			);
			runOnlyForDeploymentPostprocessing = 0;
		};
		CEC9131E2A1EAF470007AB99 /* Sources */ = {
			isa = PBXSourcesBuildPhase;
			buildActionMask = 2147483647;
			files = (
				CEC913272A1EAF470007AB99 /* PokedexTests.swift in Sources */,
			);
			runOnlyForDeploymentPostprocessing = 0;
		};
		CEC913292A1EAF470007AB99 /* Sources */ = {
			isa = PBXSourcesBuildPhase;
			buildActionMask = 2147483647;
			files = (
				CEC913322A1EAF470007AB99 /* PokedexUITests.swift in Sources */,
			);
			runOnlyForDeploymentPostprocessing = 0;
		};
/* End PBXSourcesBuildPhase section */

/* Begin PBXTargetDependency section */
		CEC913242A1EAF470007AB99 /* PBXTargetDependency */ = {
			isa = PBXTargetDependency;
			target = CEC9130B2A1EAF450007AB99 /* Pokedex */;
			targetProxy = CEC913232A1EAF470007AB99 /* PBXContainerItemProxy */;
		};
		CEC9132F2A1EAF470007AB99 /* PBXTargetDependency */ = {
			isa = PBXTargetDependency;
			target = CEC9130B2A1EAF450007AB99 /* Pokedex */;
			targetProxy = CEC9132E2A1EAF470007AB99 /* PBXContainerItemProxy */;
		};
/* End PBXTargetDependency section */

/* Begin PBXVariantGroup section */
		CEC9131A2A1EAF470007AB99 /* LaunchScreen.storyboard */ = {
			isa = PBXVariantGroup;
			children = (
				CEC9131B2A1EAF470007AB99 /* Base */,
			);
			name = LaunchScreen.storyboard;
			sourceTree = "<group>";
		};
/* End PBXVariantGroup section */

/* Begin XCBuildConfiguration section */
		CEC913342A1EAF470007AB99 /* Debug */ = {
			isa = XCBuildConfiguration;
			buildSettings = {
				ALWAYS_SEARCH_USER_PATHS = NO;
				CLANG_ANALYZER_NONNULL = YES;
				CLANG_ANALYZER_NUMBER_OBJECT_CONVERSION = YES_AGGRESSIVE;
				CLANG_CXX_LANGUAGE_STANDARD = "gnu++14";
				CLANG_CXX_LIBRARY = "libc++";
				CLANG_ENABLE_MODULES = YES;
				CLANG_ENABLE_OBJC_ARC = YES;
				CLANG_ENABLE_OBJC_WEAK = YES;
				CLANG_WARN_BLOCK_CAPTURE_AUTORELEASING = YES;
				CLANG_WARN_BOOL_CONVERSION = YES;
				CLANG_WARN_COMMA = YES;
				CLANG_WARN_CONSTANT_CONVERSION = YES;
				CLANG_WARN_DEPRECATED_OBJC_IMPLEMENTATIONS = YES;
				CLANG_WARN_DIRECT_OBJC_ISA_USAGE = YES_ERROR;
				CLANG_WARN_DOCUMENTATION_COMMENTS = YES;
				CLANG_WARN_EMPTY_BODY = YES;
				CLANG_WARN_ENUM_CONVERSION = YES;
				CLANG_WARN_INFINITE_RECURSION = YES;
				CLANG_WARN_INT_CONVERSION = YES;
				CLANG_WARN_NON_LITERAL_NULL_CONVERSION = YES;
				CLANG_WARN_OBJC_IMPLICIT_RETAIN_SELF = YES;
				CLANG_WARN_OBJC_LITERAL_CONVERSION = YES;
				CLANG_WARN_OBJC_ROOT_CLASS = YES_ERROR;
				CLANG_WARN_QUOTED_INCLUDE_IN_FRAMEWORK_HEADER = YES;
				CLANG_WARN_RANGE_LOOP_ANALYSIS = YES;
				CLANG_WARN_STRICT_PROTOTYPES = YES;
				CLANG_WARN_SUSPICIOUS_MOVE = YES;
				CLANG_WARN_UNGUARDED_AVAILABILITY = YES_AGGRESSIVE;
				CLANG_WARN_UNREACHABLE_CODE = YES;
				CLANG_WARN__DUPLICATE_METHOD_MATCH = YES;
				COPY_PHASE_STRIP = NO;
				DEBUG_INFORMATION_FORMAT = dwarf;
				ENABLE_STRICT_OBJC_MSGSEND = YES;
				ENABLE_TESTABILITY = YES;
				GCC_C_LANGUAGE_STANDARD = gnu11;
				GCC_DYNAMIC_NO_PIC = NO;
				GCC_NO_COMMON_BLOCKS = YES;
				GCC_OPTIMIZATION_LEVEL = 0;
				GCC_PREPROCESSOR_DEFINITIONS = (
					"DEBUG=1",
					"$(inherited)",
				);
				GCC_WARN_64_TO_32_BIT_CONVERSION = YES;
				GCC_WARN_ABOUT_RETURN_TYPE = YES_ERROR;
				GCC_WARN_UNDECLARED_SELECTOR = YES;
				GCC_WARN_UNINITIALIZED_AUTOS = YES_AGGRESSIVE;
				GCC_WARN_UNUSED_FUNCTION = YES;
				GCC_WARN_UNUSED_VARIABLE = YES;
				IPHONEOS_DEPLOYMENT_TARGET = 14.5;
				MTL_ENABLE_DEBUG_INFO = INCLUDE_SOURCE;
				MTL_FAST_MATH = YES;
				ONLY_ACTIVE_ARCH = YES;
				SDKROOT = iphoneos;
				SWIFT_ACTIVE_COMPILATION_CONDITIONS = DEBUG;
				SWIFT_OPTIMIZATION_LEVEL = "-Onone";
			};
			name = Debug;
		};
		CEC913352A1EAF470007AB99 /* Release */ = {
			isa = XCBuildConfiguration;
			buildSettings = {
				ALWAYS_SEARCH_USER_PATHS = NO;
				CLANG_ANALYZER_NONNULL = YES;
				CLANG_ANALYZER_NUMBER_OBJECT_CONVERSION = YES_AGGRESSIVE;
				CLANG_CXX_LANGUAGE_STANDARD = "gnu++14";
				CLANG_CXX_LIBRARY = "libc++";
				CLANG_ENABLE_MODULES = YES;
				CLANG_ENABLE_OBJC_ARC = YES;
				CLANG_ENABLE_OBJC_WEAK = YES;
				CLANG_WARN_BLOCK_CAPTURE_AUTORELEASING = YES;
				CLANG_WARN_BOOL_CONVERSION = YES;
				CLANG_WARN_COMMA = YES;
				CLANG_WARN_CONSTANT_CONVERSION = YES;
				CLANG_WARN_DEPRECATED_OBJC_IMPLEMENTATIONS = YES;
				CLANG_WARN_DIRECT_OBJC_ISA_USAGE = YES_ERROR;
				CLANG_WARN_DOCUMENTATION_COMMENTS = YES;
				CLANG_WARN_EMPTY_BODY = YES;
				CLANG_WARN_ENUM_CONVERSION = YES;
				CLANG_WARN_INFINITE_RECURSION = YES;
				CLANG_WARN_INT_CONVERSION = YES;
				CLANG_WARN_NON_LITERAL_NULL_CONVERSION = YES;
				CLANG_WARN_OBJC_IMPLICIT_RETAIN_SELF = YES;
				CLANG_WARN_OBJC_LITERAL_CONVERSION = YES;
				CLANG_WARN_OBJC_ROOT_CLASS = YES_ERROR;
				CLANG_WARN_QUOTED_INCLUDE_IN_FRAMEWORK_HEADER = YES;
				CLANG_WARN_RANGE_LOOP_ANALYSIS = YES;
				CLANG_WARN_STRICT_PROTOTYPES = YES;
				CLANG_WARN_SUSPICIOUS_MOVE = YES;
				CLANG_WARN_UNGUARDED_AVAILABILITY = YES_AGGRESSIVE;
				CLANG_WARN_UNREACHABLE_CODE = YES;
				CLANG_WARN__DUPLICATE_METHOD_MATCH = YES;
				COPY_PHASE_STRIP = NO;
				DEBUG_INFORMATION_FORMAT = "dwarf-with-dsym";
				ENABLE_NS_ASSERTIONS = NO;
				ENABLE_STRICT_OBJC_MSGSEND = YES;
				GCC_C_LANGUAGE_STANDARD = gnu11;
				GCC_NO_COMMON_BLOCKS = YES;
				GCC_WARN_64_TO_32_BIT_CONVERSION = YES;
				GCC_WARN_ABOUT_RETURN_TYPE = YES_ERROR;
				GCC_WARN_UNDECLARED_SELECTOR = YES;
				GCC_WARN_UNINITIALIZED_AUTOS = YES_AGGRESSIVE;
				GCC_WARN_UNUSED_FUNCTION = YES;
				GCC_WARN_UNUSED_VARIABLE = YES;
				IPHONEOS_DEPLOYMENT_TARGET = 14.5;
				MTL_ENABLE_DEBUG_INFO = NO;
				MTL_FAST_MATH = YES;
				SDKROOT = iphoneos;
				SWIFT_COMPILATION_MODE = wholemodule;
				SWIFT_OPTIMIZATION_LEVEL = "-O";
				VALIDATE_PRODUCT = YES;
			};
			name = Release;
		};
		CEC913372A1EAF470007AB99 /* Debug */ = {
			isa = XCBuildConfiguration;
			buildSettings = {
				ASSETCATALOG_COMPILER_APPICON_NAME = AppIcon;
				ASSETCATALOG_COMPILER_GLOBAL_ACCENT_COLOR_NAME = AccentColor;
				CODE_SIGN_STYLE = Automatic;
				DEVELOPMENT_TEAM = VX452D4486;
				INFOPLIST_FILE = Pokedex/Info.plist;
				LD_RUNPATH_SEARCH_PATHS = (
					"$(inherited)",
					"@executable_path/Frameworks",
				);
				PRODUCT_BUNDLE_IDENTIFIER = com.nikkitran.Pokedex;
				PRODUCT_NAME = "$(TARGET_NAME)";
				SWIFT_VERSION = 5.0;
				TARGETED_DEVICE_FAMILY = "1,2";
			};
			name = Debug;
		};
		CEC913382A1EAF470007AB99 /* Release */ = {
			isa = XCBuildConfiguration;
			buildSettings = {
				ASSETCATALOG_COMPILER_APPICON_NAME = AppIcon;
				ASSETCATALOG_COMPILER_GLOBAL_ACCENT_COLOR_NAME = AccentColor;
				CODE_SIGN_STYLE = Automatic;
				DEVELOPMENT_TEAM = VX452D4486;
				INFOPLIST_FILE = Pokedex/Info.plist;
				LD_RUNPATH_SEARCH_PATHS = (
					"$(inherited)",
					"@executable_path/Frameworks",
				);
				PRODUCT_BUNDLE_IDENTIFIER = com.nikkitran.Pokedex;
				PRODUCT_NAME = "$(TARGET_NAME)";
				SWIFT_VERSION = 5.0;
				TARGETED_DEVICE_FAMILY = "1,2";
			};
			name = Release;
		};
		CEC9133A2A1EAF470007AB99 /* Debug */ = {
			isa = XCBuildConfiguration;
			buildSettings = {
				ALWAYS_EMBED_SWIFT_STANDARD_LIBRARIES = YES;
				BUNDLE_LOADER = "$(TEST_HOST)";
				CODE_SIGN_STYLE = Automatic;
				DEVELOPMENT_TEAM = VX452D4486;
				INFOPLIST_FILE = PokedexTests/Info.plist;
				IPHONEOS_DEPLOYMENT_TARGET = 14.5;
				LD_RUNPATH_SEARCH_PATHS = (
					"$(inherited)",
					"@executable_path/Frameworks",
					"@loader_path/Frameworks",
				);
				PRODUCT_BUNDLE_IDENTIFIER = com.nikkitran.PokedexTests;
				PRODUCT_NAME = "$(TARGET_NAME)";
				SWIFT_VERSION = 5.0;
				TARGETED_DEVICE_FAMILY = "1,2";
				TEST_HOST = "$(BUILT_PRODUCTS_DIR)/Pokedex.app/Pokedex";
			};
			name = Debug;
		};
		CEC9133B2A1EAF470007AB99 /* Release */ = {
			isa = XCBuildConfiguration;
			buildSettings = {
				ALWAYS_EMBED_SWIFT_STANDARD_LIBRARIES = YES;
				BUNDLE_LOADER = "$(TEST_HOST)";
				CODE_SIGN_STYLE = Automatic;
				DEVELOPMENT_TEAM = VX452D4486;
				INFOPLIST_FILE = PokedexTests/Info.plist;
				IPHONEOS_DEPLOYMENT_TARGET = 14.5;
				LD_RUNPATH_SEARCH_PATHS = (
					"$(inherited)",
					"@executable_path/Frameworks",
					"@loader_path/Frameworks",
				);
				PRODUCT_BUNDLE_IDENTIFIER = com.nikkitran.PokedexTests;
				PRODUCT_NAME = "$(TARGET_NAME)";
				SWIFT_VERSION = 5.0;
				TARGETED_DEVICE_FAMILY = "1,2";
				TEST_HOST = "$(BUILT_PRODUCTS_DIR)/Pokedex.app/Pokedex";
			};
			name = Release;
		};
		CEC9133D2A1EAF470007AB99 /* Debug */ = {
			isa = XCBuildConfiguration;
			buildSettings = {
				ALWAYS_EMBED_SWIFT_STANDARD_LIBRARIES = YES;
				CODE_SIGN_STYLE = Automatic;
				DEVELOPMENT_TEAM = VX452D4486;
				INFOPLIST_FILE = PokedexUITests/Info.plist;
				LD_RUNPATH_SEARCH_PATHS = (
					"$(inherited)",
					"@executable_path/Frameworks",
					"@loader_path/Frameworks",
				);
				PRODUCT_BUNDLE_IDENTIFIER = com.nikkitran.PokedexUITests;
				PRODUCT_NAME = "$(TARGET_NAME)";
				SWIFT_VERSION = 5.0;
				TARGETED_DEVICE_FAMILY = "1,2";
				TEST_TARGET_NAME = Pokedex;
			};
			name = Debug;
		};
		CEC9133E2A1EAF470007AB99 /* Release */ = {
			isa = XCBuildConfiguration;
			buildSettings = {
				ALWAYS_EMBED_SWIFT_STANDARD_LIBRARIES = YES;
				CODE_SIGN_STYLE = Automatic;
				DEVELOPMENT_TEAM = VX452D4486;
				INFOPLIST_FILE = PokedexUITests/Info.plist;
				LD_RUNPATH_SEARCH_PATHS = (
					"$(inherited)",
					"@executable_path/Frameworks",
					"@loader_path/Frameworks",
				);
				PRODUCT_BUNDLE_IDENTIFIER = com.nikkitran.PokedexUITests;
				PRODUCT_NAME = "$(TARGET_NAME)";
				SWIFT_VERSION = 5.0;
				TARGETED_DEVICE_FAMILY = "1,2";
				TEST_TARGET_NAME = Pokedex;
			};
			name = Release;
		};
/* End XCBuildConfiguration section */

/* Begin XCConfigurationList section */
		CEC913072A1EAF450007AB99 /* Build configuration list for PBXProject "Pokedex" */ = {
			isa = XCConfigurationList;
			buildConfigurations = (
				CEC913342A1EAF470007AB99 /* Debug */,
				CEC913352A1EAF470007AB99 /* Release */,
			);
			defaultConfigurationIsVisible = 0;
			defaultConfigurationName = Release;
		};
		CEC913362A1EAF470007AB99 /* Build configuration list for PBXNativeTarget "Pokedex" */ = {
			isa = XCConfigurationList;
			buildConfigurations = (
				CEC913372A1EAF470007AB99 /* Debug */,
				CEC913382A1EAF470007AB99 /* Release */,
			);
			defaultConfigurationIsVisible = 0;
			defaultConfigurationName = Release;
		};
		CEC913392A1EAF470007AB99 /* Build configuration list for PBXNativeTarget "PokedexTests" */ = {
			isa = XCConfigurationList;
			buildConfigurations = (
				CEC9133A2A1EAF470007AB99 /* Debug */,
				CEC9133B2A1EAF470007AB99 /* Release */,
			);
			defaultConfigurationIsVisible = 0;
			defaultConfigurationName = Release;
		};
		CEC9133C2A1EAF470007AB99 /* Build configuration list for PBXNativeTarget "PokedexUITests" */ = {
			isa = XCConfigurationList;
			buildConfigurations = (
				CEC9133D2A1EAF470007AB99 /* Debug */,
				CEC9133E2A1EAF470007AB99 /* Release */,
			);
			defaultConfigurationIsVisible = 0;
			defaultConfigurationName = Release;
		};
/* End XCConfigurationList section */
	};
	rootObject = CEC913042A1EAF450007AB99 /* Project object */;
}
